
Microsoft Visual Studio Solution File, Format Version 12.00
# Visual Studio Version 16
VisualStudioVersion = 16.0.31424.327
MinimumVisualStudioVersion = 10.0.40219.1
Project("{2150E333-8FDC-42A3-9474-1A3956D46DE8}") = "Services", "Services", "{0560D9D5-D6FF-4CB4-A300-753E705EC908}"
EndProject
Project("{2150E333-8FDC-42A3-9474-1A3956D46DE8}") = "Catalog", "Catalog", "{BDBDE87B-A16E-4F12-BAB0-83D21DB97064}"
EndProject
Project("{9A19103F-16F7-4668-BE54-9A1E7A4F7556}") = "Catalog.API", "Services\Catalog\Catalog.API\Catalog.API.csproj", "{9B957BC9-CCC5-478B-A8E9-3B5146914A92}"
EndProject
Project("{E53339B2-1760-4266-BCC7-CA923CBCF16C}") = "docker-compose", "docker-compose.dcproj", "{770FC9B6-DE93-4B7E-9108-D692E67A8C88}"
EndProject
Project("{2150E333-8FDC-42A3-9474-1A3956D46DE8}") = "Basket", "Basket", "{65A9719F-DB22-49E5-AD13-9689869109D9}"
EndProject
Project("{9A19103F-16F7-4668-BE54-9A1E7A4F7556}") = "Basket.API", "Services\Basket\Basket.API\Basket.API.csproj", "{A791DCAC-14B4-4D8B-BD21-7CAB647607EF}"
EndProject
Project("{2150E333-8FDC-42A3-9474-1A3956D46DE8}") = "Discount", "Discount", "{68B560B6-F27A-4C3D-97F6-5A397D52CBDB}"
EndProject
Project("{FAE04EC0-301F-11D3-BF4B-00C04F79EFBC}") = "Discount.API", "Services\Discount\Discount.API\Discount.API.csproj", "{7FD6E8FD-9135-4548-8A66-45CCB30883B7}"
EndProject
Global
	GlobalSection(SolutionConfigurationPlatforms) = preSolution
		Debug|Any CPU = Debug|Any CPU
		Release|Any CPU = Release|Any CPU
	EndGlobalSection
	GlobalSection(ProjectConfigurationPlatforms) = postSolution
		{9B957BC9-CCC5-478B-A8E9-3B5146914A92}.Debug|Any CPU.ActiveCfg = Debug|Any CPU
		{9B957BC9-CCC5-478B-A8E9-3B5146914A92}.Debug|Any CPU.Build.0 = Debug|Any CPU
		{9B957BC9-CCC5-478B-A8E9-3B5146914A92}.Release|Any CPU.ActiveCfg = Release|Any CPU
		{9B957BC9-CCC5-478B-A8E9-3B5146914A92}.Release|Any CPU.Build.0 = Release|Any CPU
		{770FC9B6-DE93-4B7E-9108-D692E67A8C88}.Debug|Any CPU.ActiveCfg = Debug|Any CPU
		{770FC9B6-DE93-4B7E-9108-D692E67A8C88}.Debug|Any CPU.Build.0 = Debug|Any CPU
		{770FC9B6-DE93-4B7E-9108-D692E67A8C88}.Release|Any CPU.ActiveCfg = Release|Any CPU
		{770FC9B6-DE93-4B7E-9108-D692E67A8C88}.Release|Any CPU.Build.0 = Release|Any CPU
		{A791DCAC-14B4-4D8B-BD21-7CAB647607EF}.Debug|Any CPU.ActiveCfg = Debug|Any CPU
		{A791DCAC-14B4-4D8B-BD21-7CAB647607EF}.Debug|Any CPU.Build.0 = Debug|Any CPU
		{A791DCAC-14B4-4D8B-BD21-7CAB647607EF}.Release|Any CPU.ActiveCfg = Release|Any CPU
		{A791DCAC-14B4-4D8B-BD21-7CAB647607EF}.Release|Any CPU.Build.0 = Release|Any CPU
		{7FD6E8FD-9135-4548-8A66-45CCB30883B7}.Debug|Any CPU.ActiveCfg = Debug|Any CPU
		{7FD6E8FD-9135-4548-8A66-45CCB30883B7}.Debug|Any CPU.Build.0 = Debug|Any CPU
		{7FD6E8FD-9135-4548-8A66-45CCB30883B7}.Release|Any CPU.ActiveCfg = Release|Any CPU
		{7FD6E8FD-9135-4548-8A66-45CCB30883B7}.Release|Any CPU.Build.0 = Release|Any CPU
	EndGlobalSection
	GlobalSection(SolutionProperties) = preSolution
		HideSolutionNode = FALSE
	EndGlobalSection
	GlobalSection(NestedProjects) = preSolution
		{BDBDE87B-A16E-4F12-BAB0-83D21DB97064} = {0560D9D5-D6FF-4CB4-A300-753E705EC908}
		{9B957BC9-CCC5-478B-A8E9-3B5146914A92} = {BDBDE87B-A16E-4F12-BAB0-83D21DB97064}
		{65A9719F-DB22-49E5-AD13-9689869109D9} = {0560D9D5-D6FF-4CB4-A300-753E705EC908}
		{A791DCAC-14B4-4D8B-BD21-7CAB647607EF} = {65A9719F-DB22-49E5-AD13-9689869109D9}
		{68B560B6-F27A-4C3D-97F6-5A397D52CBDB} = {0560D9D5-D6FF-4CB4-A300-753E705EC908}
		{7FD6E8FD-9135-4548-8A66-45CCB30883B7} = {68B560B6-F27A-4C3D-97F6-5A397D52CBDB}
	EndGlobalSection
	GlobalSection(ExtensibilityGlobals) = postSolution
		SolutionGuid = {DF52C347-6954-433A-985F-06737C4C9D93}
	EndGlobalSection
EndGlobal
